// !$*UTF8*$!
{
	archiveVersion = 1;
	classes = {
	};
	objectVersion = 77;
	objects = {

/* Begin PBXContainerItemProxy section */
		BD6E142D2F6CC66B00310E7C /* PBXContainerItemProxy */ = {
			isa = PBXContainerItemProxy;
			containerPortal = BD6E140C2F6CC66900310E7C /* Project object */;
			proxyType = 1;
			remoteGlobalIDString = BD6E14132F6CC66900310E7C;
			remoteInfo = AtrapaUnCuadrado;
		};
		BD6E14372F6CC66B00310E7C /* PBXContainerItemProxy */ = {
			isa = PBXContainerItemProxy;
			containerPortal = BD6E140C2F6CC66900310E7C /* Project object */;
			proxyType = 1;
			remoteGlobalIDString = BD6E14132F6CC66900310E7C;
			remoteInfo = AtrapaUnCuadrado;
		};
/* End PBXContainerItemProxy section */

/* Begin PBXFileReference section */
		BD6E14142F6CC66900310E7C /* AtrapaUnCuadrado.app */ = {isa = PBXFileReference; explicitFileType = wrapper.application; includeInIndex = 0; path = AtrapaUnCuadrado.app; sourceTree = BUILT_PRODUCTS_DIR; };
		BD6E142C2F6CC66B00310E7C /* Atrapa un cuadradoTests.xctest */ = {isa = PBXFileReference; explicitFileType = wrapper.cfbundle; includeInIndex = 0; path = "Atrapa un cuadradoTests.xctest"; sourceTree = BUILT_PRODUCTS_DIR; };
		BD6E14362F6CC66B00310E7C /* Atrapa un cuadradoUITests.xctest */ = {isa = PBXFileReference; explicitFileType = wrapper.cfbundle; includeInIndex = 0; path = "Atrapa un cuadradoUITests.xctest"; sourceTree = BUILT_PRODUCTS_DIR; };
/* End PBXFileReference section */

/* Begin PBXFileSystemSynchronizedRootGroup section */
		BD6E14162F6CC66900310E7C /* Atrapa un cuadrado */ = {
			isa = PBXFileSystemSynchronizedRootGroup;
			path = "Atrapa un cuadrado";
			sourceTree = "<group>";
		};
		BD6E142F2F6CC66B00310E7C /* Atrapa un cuadradoTests */ = {
			isa = PBXFileSystemSynchronizedRootGroup;
			path = "Atrapa un cuadradoTests";
			sourceTree = "<group>";
		};
		BD6E14392F6CC66B00310E7C /* Atrapa un cuadradoUITests */ = {
			isa = PBXFileSystemSynchronizedRootGroup;
			path = "Atrapa un cuadradoUITests";
			sourceTree = "<group>";
		};
/* End PBXFileSystemSynchronizedRootGroup section */

/* Begin PBXFrameworksBuildPhase section */
		BD6E14112F6CC66900310E7C /* Frameworks */ = {
			isa = PBXFrameworksBuildPhase;
			buildActionMask = 2147483647;
			files = (
			);
			runOnlyForDeploymentPostprocessing = 0;
		};
		BD6E14292F6CC66B00310E7C /* Frameworks */ = {
			isa = PBXFrameworksBuildPhase;
			buildActionMask = 2147483647;
			files = (
			);
			runOnlyForDeploymentPostprocessing = 0;
		};
		BD6E14332F6CC66B00310E7C /* Frameworks */ = {
			isa = PBXFrameworksBuildPhase;
			buildActionMask = 2147483647;
			files = (
			);
			runOnlyForDeploymentPostprocessing = 0;
		};
/* End PBXFrameworksBuildPhase section */

/* Begin PBXGroup section */
		BD6E140B2F6CC66900310E7C = {
			isa = PBXGroup;
			children = (
				BD6E14162F6CC66900310E7C /* Atrapa un cuadrado */,
				BD6E142F2F6CC66B00310E7C /* Atrapa un cuadradoTests */,
				BD6E14392F6CC66B00310E7C /* Atrapa un cuadradoUITests */,
				BD6E14152F6CC66900310E7C /* Products */,
			);
			sourceTree = "<group>";
		};
		BD6E14152F6CC66900310E7C /* Products */ = {
			isa = PBXGroup;
			children = (
				BD6E14142F6CC66900310E7C /* AtrapaUnCuadrado.app */,
				BD6E142C2F6CC66B00310E7C /* Atrapa un cuadradoTests.xctest */,
				BD6E14362F6CC66B00310E7C /* Atrapa un cuadradoUITests.xctest */,
			);
			name = Products;
			sourceTree = "<group>";
		};
/* End PBXGroup section */

/* Begin PBXNativeTarget section */
		BD6E14132F6CC66900310E7C /* AtrapaUnCuadrado */ = {
			isa = PBXNativeTarget;
			buildConfigurationList = BD6E14402F6CC66B00310E7C /* Build configuration list for PBXNativeTarget "AtrapaUnCuadrado" */;
			buildPhases = (
				BD6E14102F6CC66900310E7C /* Sources */,
				BD6E14112F6CC66900310E7C /* Frameworks */,
				BD6E14122F6CC66900310E7C /* Resources */,
			);
			buildRules = (
			);
			dependencies = (
			);
			fileSystemSynchronizedGroups = (
				BD6E14162F6CC66900310E7C /* Atrapa un cuadrado */,
			);
			name = AtrapaUnCuadrado;
			packageProductDependencies = (
			);
			productName = AtrapaUnCuadrado;
			productReference = BD6E14142F6CC66900310E7C /* AtrapaUnCuadrado.app */;
			productType = "com.apple.product-type.application";
		};
		BD6E142B2F6CC66B00310E7C /* Atrapa un cuadradoTests */ = {
			isa = PBXNativeTarget;
			buildConfigurationList = BD6E14432F6CC66B00310E7C /* Build configuration list for PBXNativeTarget "Atrapa un cuadradoTests" */;
			buildPhases = (
				BD6E14282F6CC66B00310E7C /* Sources */,
				BD6E14292F6CC66B00310E7C /* Frameworks */,
				BD6E142A2F6CC66B00310E7C /* Resources */,
			);
			buildRules = (
			);
			dependencies = (
				BD6E142E2F6CC66B00310E7C /* PBXTargetDependency */,
			);
			fileSystemSynchronizedGroups = (
				BD6E142F2F6CC66B00310E7C /* Atrapa un cuadradoTests */,
			);
			name = "Atrapa un cuadradoTests";
			packageProductDependencies = (
			);
			productName = "Atrapa un cuadradoTests";
			productReference = BD6E142C2F6CC66B00310E7C /* Atrapa un cuadradoTests.xctest */;
			productType = "com.apple.product-type.bundle.unit-test";
		};
		BD6E14352F6CC66B00310E7C /* Atrapa un cuadradoUITests */ = {
			isa = PBXNativeTarget;
			buildConfigurationList = BD6E14462F6CC66B00310E7C /* Build configuration list for PBXNativeTarget "Atrapa un cuadradoUITests" */;
			buildPhases = (
				BD6E14322F6CC66B00310E7C /* Sources */,
				BD6E14332F6CC66B00310E7C /* Frameworks */,
				BD6E14342F6CC66B00310E7C /* Resources */,
			);
			buildRules = (
			);
			dependencies = (
				BD6E14382F6CC66B00310E7C /* PBXTargetDependency */,
			);
			fileSystemSynchronizedGroups = (
				BD6E14392F6CC66B00310E7C /* Atrapa un cuadradoUITests */,
			);
			name = "Atrapa un cuadradoUITests";
			packageProductDependencies = (
			);
			productName = "Atrapa un cuadradoUITests";
			productReference = BD6E14362F6CC66B00310E7C /* Atrapa un cuadradoUITests.xctest */;
			productType = "com.apple.product-type.bundle.ui-testing";
		};
/* End PBXNativeTarget section */

/* Begin PBXProject section */
		BD6E140C2F6CC66900310E7C /* Project object */ = {
			isa = PBXProject;
			attributes = {
				BuildIndependentTargetsInParallel = 1;
				LastSwiftUpdateCheck = 2630;
				LastUpgradeCheck = 2630;
				TargetAttributes = {
					BD6E14132F6CC66900310E7C = {
						CreatedOnToolsVersion = 26.3;
					};
					BD6E142B2F6CC66B00310E7C = {
						CreatedOnToolsVersion = 26.3;
						TestTargetID = BD6E14132F6CC66900310E7C;
					};
					BD6E14352F6CC66B00310E7C = {
						CreatedOnToolsVersion = 26.3;
						TestTargetID = BD6E14132F6CC66900310E7C;
					};
				};
			};
			buildConfigurationList = BD6E140F2F6CC66900310E7C /* Build configuration list for PBXProject "Atrapa un cuadrado" */;
			developmentRegion = es;
			hasScannedForEncodings = 0;
			knownRegions = (
				Base,
				es,
			);
			mainGroup = BD6E140B2F6CC66900310E7C;
			minimizedProjectReferenceProxies = 1;
			preferredProjectObjectVersion = 77;
			productRefGroup = BD6E14152F6CC66900310E7C /* Products */;
			projectDirPath = "";
			projectRoot = "";
			targets = (
				BD6E14132F6CC66900310E7C /* AtrapaUnCuadrado */,
				BD6E142B2F6CC66B00310E7C /* Atrapa un cuadradoTests */,
				BD6E14352F6CC66B00310E7C /* Atrapa un cuadradoUITests */,
			);
		};
/* End PBXProject section */

/* Begin PBXResourcesBuildPhase section */
		BD6E14122F6CC66900310E7C /* Resources */ = {
			isa = PBXResourcesBuildPhase;
			buildActionMask = 2147483647;
			files = (
			);
			runOnlyForDeploymentPostprocessing = 0;
		};
		BD6E142A2F6CC66B00310E7C /* Resources */ = {
			isa = PBXResourcesBuildPhase;
			buildActionMask = 2147483647;
			files = (
			);
			runOnlyForDeploymentPostprocessing = 0;
		};
		BD6E14342F6CC66B00310E7C /* Resources */ = {
			isa = PBXResourcesBuildPhase;
			buildActionMask = 2147483647;
			files = (
			);
			runOnlyForDeploymentPostprocessing = 0;
		};
/* End PBXResourcesBuildPhase section */

/* Begin PBXSourcesBuildPhase section */
		BD6E14102F6CC66900310E7C /* Sources */ = {
			isa = PBXSourcesBuildPhase;
			buildActionMask = 2147483647;
			files = (
			);
			runOnlyForDeploymentPostprocessing = 0;
		};
		BD6E14282F6CC66B00310E7C /* Sources */ = {
			isa = PBXSourcesBuildPhase;
			buildActionMask = 2147483647;
			files = (
			);
			runOnlyForDeploymentPostprocessing = 0;
		};
		BD6E14322F6CC66B00310E7C /* Sources */ = {
			isa = PBXSourcesBuildPhase;
			buildActionMask = 2147483647;
			files = (
			);
			runOnlyForDeploymentPostprocessing = 0;
		};
/* End PBXSourcesBuildPhase section */

/* Begin PBXTargetDependency section */
		BD6E142E2F6CC66B00310E7C /* PBXTargetDependency */ = {
			isa = PBXTargetDependency;
			target = BD6E14132F6CC66900310E7C /* AtrapaUnCuadrado */;
			targetProxy = BD6E142D2F6CC66B00310E7C /* PBXContainerItemProxy */;
		};
		BD6E14382F6CC66B00310E7C /* PBXTargetDependency */ = {
			isa = PBXTargetDependency;
			target = BD6E14132F6CC66900310E7C /* AtrapaUnCuadrado */;
			targetProxy = BD6E14372F6CC66B00310E7C /* PBXContainerItemProxy */;
		};
/* End PBXTargetDependency section */

/* Begin XCBuildConfiguration section */
		BD6E143E2F6CC66B00310E7C /* Debug */ = {
			isa = XCBuildConfiguration;
			buildSettings = {
				ALWAYS_SEARCH_USER_PATHS = NO;
				ASSETCATALOG_COMPILER_GENERATE_SWIFT_ASSET_SYMBOL_EXTENSIONS = YES;
				CLANG_ANALYZER_LOCALIZABILITY_NONLOCALIZED = YES;
				CLANG_ANALYZER_NONNULL = YES;
				CLANG_ANALYZER_NUMBER_OBJECT_CONVERSION = YES_AGGRESSIVE;
				CLANG_CXX_LANGUAGE_STANDARD = "gnu++20";
				CLANG_ENABLE_MODULES = YES;
				CLANG_ENABLE_OBJC_ARC = YES;
				CLANG_ENABLE_OBJC_WEAK = YES;
				CLANG_WARN_BLOCK_CAPTURE_AUTORELEASING = YES;
				CLANG_WARN_BOOL_CONVERSION = YES;
				CLANG_WARN_COMMA = YES;
				CLANG_WARN_CONSTANT_CONVERSION = YES;
				CLANG_WARN_DEPRECATED_OBJC_IMPLEMENTATIONS = YES;
				CLANG_WARN_DIRECT_OBJC_ISA_USAGE = YES_ERROR;
				CLANG_WARN_DOCUMENTATION_COMMENTS = YES;
				CLANG_WARN_EMPTY_BODY = YES;
				CLANG_WARN_ENUM_CONVERSION = YES;
				CLANG_WARN_INFINITE_RECURSION = YES;
				CLANG_WARN_INT_CONVERSION = YES;
				CLANG_WARN_NON_LITERAL_NULL_CONVERSION = YES;
				CLANG_WARN_OBJC_IMPLICIT_RETAIN_SELF = YES;
				CLANG_WARN_OBJC_LITERAL_CONVERSION = YES;
				CLANG_WARN_OBJC_ROOT_CLASS = YES_ERROR;
				CLANG_WARN_QUOTED_INCLUDE_IN_FRAMEWORK_HEADER = YES;
				CLANG_WARN_RANGE_LOOP_ANALYSIS = YES;
				CLANG_WARN_STRICT_PROTOTYPES = YES;
				CLANG_WARN_SUSPICIOUS_MOVE = YES;
				CLANG_WARN_UNGUARDED_AVAILABILITY = YES_AGGRESSIVE;
				CLANG_WARN_UNREACHABLE_CODE = YES;
				CLANG_WARN__DUPLICATE_METHOD_MATCH = YES;
				COPY_PHASE_STRIP = NO;
				DEBUG_INFORMATION_FORMAT = dwarf;
				DEVELOPMENT_TEAM = 2S747NZP4R;
				ENABLE_STRICT_OBJC_MSGSEND = YES;
				ENABLE_TESTABILITY = YES;
				ENABLE_USER_SCRIPT_SANDBOXING = YES;
				GCC_C_LANGUAGE_STANDARD = gnu17;
				GCC_DYNAMIC_NO_PIC = NO;
				GCC_NO_COMMON_BLOCKS = YES;
				GCC_OPTIMIZATION_LEVEL = 0;
				GCC_PREPROCESSOR_DEFINITIONS = (
					"DEBUG=1",
					"$(inherited)",
				);
				GCC_WARN_64_TO_32_BIT_CONVERSION = YES;
				GCC_WARN_ABOUT_RETURN_TYPE = YES_ERROR;
				GCC_WARN_UNDECLARED_SELECTOR = YES;
				GCC_WARN_UNINITIALIZED_AUTOS = YES_AGGRESSIVE;
				GCC_WARN_UNUSED_FUNCTION = YES;
				GCC_WARN_UNUSED_VARIABLE = YES;
				IPHONEOS_DEPLOYMENT_TARGET = 26.2;
				LOCALIZATION_PREFERS_STRING_CATALOGS = YES;
				MTL_ENABLE_DEBUG_INFO = INCLUDE_SOURCE;
				MTL_FAST_MATH = YES;
				ONLY_ACTIVE_ARCH = YES;
				SDKROOT = iphoneos;
				SWIFT_ACTIVE_COMPILATION_CONDITIONS = "DEBUG $(inherited)";
				SWIFT_OPTIMIZATION_LEVEL = "-Onone";
			};
			name = Debug;
		};
		BD6E143F2F6CC66B00310E7C /* Release */ = {
			isa = XCBuildConfiguration;
			buildSettings = {
				ALWAYS_SEARCH_USER_PATHS = NO;
				ASSETCATALOG_COMPILER_GENERATE_SWIFT_ASSET_SYMBOL_EXTENSIONS = YES;
				CLANG_ANALYZER_LOCALIZABILITY_NONLOCALIZED = YES;
				CLANG_ANALYZER_NONNULL = YES;
				CLANG_ANALYZER_NUMBER_OBJECT_CONVERSION = YES_AGGRESSIVE;
				CLANG_CXX_LANGUAGE_STANDARD = "gnu++20";
				CLANG_ENABLE_MODULES = YES;
				CLANG_ENABLE_OBJC_ARC = YES;
				CLANG_ENABLE_OBJC_WEAK = YES;
				CLANG_WARN_BLOCK_CAPTURE_AUTORELEASING = YES;
				CLANG_WARN_BOOL_CONVERSION = YES;
				CLANG_WARN_COMMA = YES;
				CLANG_WARN_CONSTANT_CONVERSION = YES;
				CLANG_WARN_DEPRECATED_OBJC_IMPLEMENTATIONS = YES;
				CLANG_WARN_DIRECT_OBJC_ISA_USAGE = YES_ERROR;
				CLANG_WARN_DOCUMENTATION_COMMENTS = YES;
				CLANG_WARN_EMPTY_BODY = YES;
				CLANG_WARN_ENUM_CONVERSION = YES;
				CLANG_WARN_INFINITE_RECURSION = YES;
				CLANG_WARN_INT_CONVERSION = YES;
				CLANG_WARN_NON_LITERAL_NULL_CONVERSION = YES;
				CLANG_WARN_OBJC_IMPLICIT_RETAIN_SELF = YES;
				CLANG_WARN_OBJC_LITERAL_CONVERSION = YES;
				CLANG_WARN_OBJC_ROOT_CLASS = YES_ERROR;
				CLANG_WARN_QUOTED_INCLUDE_IN_FRAMEWORK_HEADER = YES;
				CLANG_WARN_RANGE_LOOP_ANALYSIS = YES;
				CLANG_WARN_STRICT_PROTOTYPES = YES;
				CLANG_WARN_SUSPICIOUS_MOVE = YES;
				CLANG_WARN_UNGUARDED_AVAILABILITY = YES_AGGRESSIVE;
				CLANG_WARN_UNREACHABLE_CODE = YES;
				CLANG_WARN__DUPLICATE_METHOD_MATCH = YES;
				COPY_PHASE_STRIP = NO;
				DEBUG_INFORMATION_FORMAT = "dwarf-with-dsym";
				DEVELOPMENT_TEAM = 2S747NZP4R;
				ENABLE_NS_ASSERTIONS = NO;
				ENABLE_STRICT_OBJC_MSGSEND = YES;
				ENABLE_USER_SCRIPT_SANDBOXING = YES;
				GCC_C_LANGUAGE_STANDARD = gnu17;
				GCC_NO_COMMON_BLOCKS = YES;
				GCC_WARN_64_TO_32_BIT_CONVERSION = YES;
				GCC_WARN_ABOUT_RETURN_TYPE = YES_ERROR;
				GCC_WARN_UNDECLARED_SELECTOR = YES;
				GCC_WARN_UNINITIALIZED_AUTOS = YES_AGGRESSIVE;
				GCC_WARN_UNUSED_FUNCTION = YES;
				GCC_WARN_UNUSED_VARIABLE = YES;
				IPHONEOS_DEPLOYMENT_TARGET = 26.2;
				LOCALIZATION_PREFERS_STRING_CATALOGS = YES;
				MTL_ENABLE_DEBUG_INFO = NO;
				MTL_FAST_MATH = YES;
				SDKROOT = iphoneos;
				SWIFT_COMPILATION_MODE = wholemodule;
				VALIDATE_PRODUCT = YES;
			};
			name = Release;
		};
		BD6E14412F6CC66B00310E7C /* Debug */ = {
			isa = XCBuildConfiguration;
			buildSettings = {
				ASSETCATALOG_COMPILER_APPICON_NAME = AppIcon;
				ASSETCATALOG_COMPILER_GLOBAL_ACCENT_COLOR_NAME = AccentColor;
				CODE_SIGN_ENTITLEMENTS = "Atrapa un cuadrado/Atrapa un cuadrado.entitlements";
				CODE_SIGN_STYLE = Automatic;
				CURRENT_PROJECT_VERSION = 3;
				DEFINES_MODULE = YES;
				DEVELOPMENT_TEAM = 2S747NZP4R;
				ENABLE_TESTABILITY = YES;
				GENERATE_INFOPLIST_FILE = YES;
				INFOPLIST_KEY_CFBundleDisplayName = "Atrapa un cuadrado";
				INFOPLIST_KEY_UIApplicationSupportsIndirectInputEvents = YES;
				INFOPLIST_KEY_UILaunchStoryboardName = LaunchScreen;
				INFOPLIST_KEY_UIMainStoryboardFile = Main;
				INFOPLIST_KEY_UIRequiredDeviceCapabilities = metal;
				INFOPLIST_KEY_UIStatusBarHidden = YES;
				INFOPLIST_KEY_UISupportedInterfaceOrientations_iPad = "UIInterfaceOrientationPortrait UIInterfaceOrientationPortraitUpsideDown UIInterfaceOrientationLandscapeLeft UIInterfaceOrientationLandscapeRight";
				INFOPLIST_KEY_UISupportedInterfaceOrientations_iPhone = "UIInterfaceOrientationPortrait UIInterfaceOrientationLandscapeLeft UIInterfaceOrientationLandscapeRight";
				LD_RUNPATH_SEARCH_PATHS = (
					"$(inherited)",
					"@executable_path/Frameworks",
				);
				MARKETING_VERSION = 1.1.1;
				PRODUCT_BUNDLE_IDENTIFIER = com.antoniohermoso.atrapauncuadrado;
				PRODUCT_MODULE_NAME = AtrapaUnCuadrado;
				PRODUCT_NAME = AtrapaUnCuadrado;
				STRING_CATALOG_GENERATE_SYMBOLS = YES;
				SWIFT_APPROACHABLE_CONCURRENCY = YES;
				SWIFT_DEFAULT_ACTOR_ISOLATION = MainActor;
				SWIFT_EMIT_LOC_STRINGS = YES;
				SWIFT_UPCOMING_FEATURE_MEMBER_IMPORT_VISIBILITY = YES;
				SWIFT_VERSION = 5.0;
				TARGETED_DEVICE_FAMILY = "1,2";
			};
			name = Debug;
		};
		BD6E14422F6CC66B00310E7C /* Release */ = {
			isa = XCBuildConfiguration;
			buildSettings = {
				ASSETCATALOG_COMPILER_APPICON_NAME = AppIcon;
				ASSETCATALOG_COMPILER_GLOBAL_ACCENT_COLOR_NAME = AccentColor;
				CODE_SIGN_ENTITLEMENTS = "Atrapa un cuadrado/Atrapa un cuadradoRelease.entitlements";
				CODE_SIGN_STYLE = Automatic;
				CURRENT_PROJECT_VERSION = 3;
				DEFINES_MODULE = YES;
				DEVELOPMENT_TEAM = 2S747NZP4R;
				ENABLE_TESTABILITY = YES;
				GENERATE_INFOPLIST_FILE = YES;
				INFOPLIST_KEY_CFBundleDisplayName = "Atrapa un cuadrado";
				INFOPLIST_KEY_UIApplicationSupportsIndirectInputEvents = YES;
				INFOPLIST_KEY_UILaunchStoryboardName = LaunchScreen;
				INFOPLIST_KEY_UIMainStoryboardFile = Main;
				INFOPLIST_KEY_UIRequiredDeviceCapabilities = metal;
				INFOPLIST_KEY_UIStatusBarHidden = YES;
				INFOPLIST_KEY_UISupportedInterfaceOrientations_iPad = "UIInterfaceOrientationPortrait UIInterfaceOrientationPortraitUpsideDown UIInterfaceOrientationLandscapeLeft UIInterfaceOrientationLandscapeRight";
				INFOPLIST_KEY_UISupportedInterfaceOrientations_iPhone = "UIInterfaceOrientationPortrait UIInterfaceOrientationLandscapeLeft UIInterfaceOrientationLandscapeRight";
				LD_RUNPATH_SEARCH_PATHS = (
					"$(inherited)",
					"@executable_path/Frameworks",
				);
				MARKETING_VERSION = 1.1.1;
				PRODUCT_BUNDLE_IDENTIFIER = com.antoniohermoso.atrapauncuadrado;
				PRODUCT_MODULE_NAME = AtrapaUnCuadrado;
				PRODUCT_NAME = AtrapaUnCuadrado;
				STRING_CATALOG_GENERATE_SYMBOLS = YES;
				SWIFT_APPROACHABLE_CONCURRENCY = YES;
				SWIFT_DEFAULT_ACTOR_ISOLATION = MainActor;
				SWIFT_EMIT_LOC_STRINGS = YES;
				SWIFT_UPCOMING_FEATURE_MEMBER_IMPORT_VISIBILITY = YES;
				SWIFT_VERSION = 5.0;
				TARGETED_DEVICE_FAMILY = "1,2";
			};
			name = Release;
		};
		BD6E14442F6CC66B00310E7C /* Debug */ = {
			isa = XCBuildConfiguration;
			buildSettings = {
				BUNDLE_LOADER = "$(TEST_HOST)";
				CODE_SIGN_STYLE = Automatic;
				CURRENT_PROJECT_VERSION = 1;
				DEFINES_MODULE = YES;
				DEVELOPMENT_TEAM = 2S747NZP4R;
				GENERATE_INFOPLIST_FILE = YES;
				IPHONEOS_DEPLOYMENT_TARGET = 26.2;
				MARKETING_VERSION = 1.0;
				PRODUCT_BUNDLE_IDENTIFIER = "Com.Atrapa-un-cuadradoTests";
				PRODUCT_NAME = "$(TARGET_NAME)";
				STRING_CATALOG_GENERATE_SYMBOLS = NO;
				SWIFT_APPROACHABLE_CONCURRENCY = YES;
				SWIFT_EMIT_LOC_STRINGS = NO;
				SWIFT_UPCOMING_FEATURE_MEMBER_IMPORT_VISIBILITY = YES;
				SWIFT_VERSION = 5.0;
				TARGETED_DEVICE_FAMILY = "1,2";
				TEST_HOST = "$(BUILT_PRODUCTS_DIR)/AtrapaUnCuadrado.app/$(BUNDLE_EXECUTABLE_FOLDER_PATH)/AtrapaUnCuadrado";
				TEST_TARGET_NAME = AtrapaUnCuadrado;
			};
			name = Debug;
		};
		BD6E14452F6CC66B00310E7C /* Release */ = {
			isa = XCBuildConfiguration;
			buildSettings = {
				BUNDLE_LOADER = "$(TEST_HOST)";
				CODE_SIGN_STYLE = Automatic;
				CURRENT_PROJECT_VERSION = 1;
				DEFINES_MODULE = YES;
				DEVELOPMENT_TEAM = 2S747NZP4R;
				GENERATE_INFOPLIST_FILE = YES;
				IPHONEOS_DEPLOYMENT_TARGET = 26.2;
				MARKETING_VERSION = 1.0;
				PRODUCT_BUNDLE_IDENTIFIER = "Com.Atrapa-un-cuadradoTests";
				PRODUCT_NAME = "$(TARGET_NAME)";
				STRING_CATALOG_GENERATE_SYMBOLS = NO;
				SWIFT_APPROACHABLE_CONCURRENCY = YES;
				SWIFT_EMIT_LOC_STRINGS = NO;
				SWIFT_UPCOMING_FEATURE_MEMBER_IMPORT_VISIBILITY = YES;
				SWIFT_VERSION = 5.0;
				TARGETED_DEVICE_FAMILY = "1,2";
				TEST_HOST = "$(BUILT_PRODUCTS_DIR)/AtrapaUnCuadrado.app/$(BUNDLE_EXECUTABLE_FOLDER_PATH)/AtrapaUnCuadrado";
				TEST_TARGET_NAME = AtrapaUnCuadrado;
			};
			name = Release;
		};
		BD6E14472F6CC66B00310E7C /* Debug */ = {
			isa = XCBuildConfiguration;
			buildSettings = {
				CODE_SIGN_STYLE = Automatic;
				CURRENT_PROJECT_VERSION = 1;
				DEFINES_MODULE = YES;
				DEVELOPMENT_TEAM = 2S747NZP4R;
				GENERATE_INFOPLIST_FILE = YES;
				MARKETING_VERSION = 1.1;
				PRODUCT_BUNDLE_IDENTIFIER = "Com.Atrapa-un-cuadradoUITests";
				PRODUCT_NAME = "$(TARGET_NAME)";
				STRING_CATALOG_GENERATE_SYMBOLS = NO;
				SWIFT_APPROACHABLE_CONCURRENCY = YES;
				SWIFT_EMIT_LOC_STRINGS = NO;
				SWIFT_UPCOMING_FEATURE_MEMBER_IMPORT_VISIBILITY = YES;
				SWIFT_VERSION = 5.0;
				TARGETED_DEVICE_FAMILY = "1,2";
				TEST_TARGET_NAME = AtrapaUnCuadrado;
			};
			name = Debug;
		};
		BD6E14482F6CC66B00310E7C /* Release */ = {
			isa = XCBuildConfiguration;
			buildSettings = {
				CODE_SIGN_STYLE = Automatic;
				CURRENT_PROJECT_VERSION = 1;
				DEFINES_MODULE = YES;
				DEVELOPMENT_TEAM = 2S747NZP4R;
				GENERATE_INFOPLIST_FILE = YES;
				"INSTALL_PATH[sdk=iphoneos*]" = "$(INSTALL_PATH_XCTRUNNER_$(USES_XCTRUNNER:default=NO))";
				MARKETING_VERSION = 1.1;
				PRODUCT_BUNDLE_IDENTIFIER = "Com.Atrapa-un-cuadradoUITests";
				PRODUCT_NAME = "$(TARGET_NAME)";
				STRING_CATALOG_GENERATE_SYMBOLS = NO;
				SWIFT_APPROACHABLE_CONCURRENCY = YES;
				SWIFT_EMIT_LOC_STRINGS = NO;
				SWIFT_UPCOMING_FEATURE_MEMBER_IMPORT_VISIBILITY = YES;
				SWIFT_VERSION = 5.0;
				TARGETED_DEVICE_FAMILY = "1,2";
				TEST_TARGET_NAME = AtrapaUnCuadrado;
			};
			name = Release;
		};
/* End XCBuildConfiguration section */

/* Begin XCConfigurationList section */
		BD6E140F2F6CC66900310E7C /* Build configuration list for PBXProject "Atrapa un cuadrado" */ = {
			isa = XCConfigurationList;
			buildConfigurations = (
				BD6E143E2F6CC66B00310E7C /* Debug */,
				BD6E143F2F6CC66B00310E7C /* Release */,
			);
			defaultConfigurationIsVisible = 0;
			defaultConfigurationName = Release;
		};
		BD6E14402F6CC66B00310E7C /* Build configuration list for PBXNativeTarget "AtrapaUnCuadrado" */ = {
			isa = XCConfigurationList;
			buildConfigurations = (
				BD6E14412F6CC66B00310E7C /* Debug */,
				BD6E14422F6CC66B00310E7C /* Release */,
			);
			defaultConfigurationIsVisible = 0;
			defaultConfigurationName = Release;
		};
		BD6E14432F6CC66B00310E7C /* Build configuration list for PBXNativeTarget "Atrapa un cuadradoTests" */ = {
			isa = XCConfigurationList;
			buildConfigurations = (
				BD6E14442F6CC66B00310E7C /* Debug */,
				BD6E14452F6CC66B00310E7C /* Release */,
			);
			defaultConfigurationIsVisible = 0;
			defaultConfigurationName = Release;
		};
		BD6E14462F6CC66B00310E7C /* Build configuration list for PBXNativeTarget "Atrapa un cuadradoUITests" */ = {
			isa = XCConfigurationList;
			buildConfigurations = (
				BD6E14472F6CC66B00310E7C /* Debug */,
				BD6E14482F6CC66B00310E7C /* Release */,
			);
			defaultConfigurationIsVisible = 0;
			defaultConfigurationName = Release;
		};
/* End XCConfigurationList section */
	};
	rootObject = BD6E140C2F6CC66900310E7C /* Project object */;
}
